
Microsoft Visual Studio Solution File, Format Version 12.00
# Visual Studio Version 17
VisualStudioVersion = 17.4.33110.190
MinimumVisualStudioVersion = 10.0.40219.1
Project("{FAE04EC0-301F-11D3-BF4B-00C04F79EFBC}") = "laboratoryIsSix", "laboratoryIsSix\laboratoryIsSix.csproj", "{7BF0F808-94CC-4418-ABAB-E041F5CF232B}"
EndProject
Global
	GlobalSection(SolutionConfigurationPlatforms) = preSolution
		Debug|Any CPU = Debug|Any CPU
		Release|Any CPU = Release|Any CPU
	EndGlobalSection
	GlobalSection(ProjectConfigurationPlatforms) = postSolution
		{7BF0F808-94CC-4418-ABAB-E041F5CF232B}.Debug|Any CPU.ActiveCfg = Debug|Any CPU
		{7BF0F808-94CC-4418-ABAB-E041F5CF232B}.Debug|Any CPU.Build.0 = Debug|Any CPU
		{7BF0F808-94CC-4418-ABAB-E041F5CF232B}.Release|Any CPU.ActiveCfg = Release|Any CPU
		{7BF0F808-94CC-4418-ABAB-E041F5CF232B}.Release|Any CPU.Build.0 = Release|Any CPU
	EndGlobalSection
	GlobalSection(SolutionProperties) = preSolution
		HideSolutionNode = FALSE
	EndGlobalSection
	GlobalSection(ExtensibilityGlobals) = postSolution
		SolutionGuid = {59A24F01-B7C6-4EB6-9A21-751891738E56}
	EndGlobalSection
EndGlobal
